
Microsoft Visual Studio Solution File, Format Version 12.00
# Visual Studio 2013
VisualStudioVersion = 12.0.21005.1
MinimumVisualStudioVersion = 10.0.40219.1
Project("{8BC9CEB8-8B4A-11D0-8D11-00A0C91BC942}") = "StairJS", "StairJS\StairJS.vcxproj", "{361621F6-3674-449A-B42B-3EACEF7D2B78}"
EndProject
Project("{2150E333-8FDC-42A3-9474-1A3956D46DE8}") = "Solution Items", "Solution Items", "{7B4F1645-68A9-451E-B7DA-E60CC050BE1B}"
	ProjectSection(SolutionItems) = preProject
		.gitignore = .gitignore
		README.md = README.md
	EndProjectSection
EndProject
Global
	GlobalSection(SolutionConfigurationPlatforms) = preSolution
		Debug|Win32 = Debug|Win32
		Release|Win32 = Release|Win32
	EndGlobalSection
	GlobalSection(ProjectConfigurationPlatforms) = postSolution
		{361621F6-3674-449A-B42B-3EACEF7D2B78}.Debug|Win32.ActiveCfg = Debug|Win32
		{361621F6-3674-449A-B42B-3EACEF7D2B78}.Debug|Win32.Build.0 = Debug|Win32
		{361621F6-3674-449A-B42B-3EACEF7D2B78}.Release|Win32.ActiveCfg = Release|Win32
		{361621F6-3674-449A-B42B-3EACEF7D2B78}.Release|Win32.Build.0 = Release|Win32
	EndGlobalSection
	GlobalSection(SolutionProperties) = preSolution
		HideSolutionNode = FALSE
	EndGlobalSection
EndGlobal
