<?xml version="1.0" encoding="utf-8"?>
<Project ToolsVersion="4.0" xmlns="http://schemas.microsoft.com/developer/msbuild/2003">
  <ItemGroup>
    <Filter Include="Source Files">
      <UniqueIdentifier>{4FC737F1-C7A5-4376-A066-2A32D752A2FF}</UniqueIdentifier>
      <Extensions>cpp;c;cc;cxx;def;odl;idl;hpj;bat;asm;asmx</Extensions>
    </Filter>
    <Filter Include="Header Files">
      <UniqueIdentifier>{93995380-89BD-4b04-88EB-625FBE52EBFB}</UniqueIdentifier>
      <Extensions>h;hh;hpp;hxx;hm;inl;inc;xsd</Extensions>
    </Filter>
    <Filter Include="Resource Files">
      <UniqueIdentifier>{67DA6AB6-F800-4c08-8B7A-83BB121AAD01}</UniqueIdentifier>
      <Extensions>rc;ico;cur;bmp;dlg;rc2;rct;bin;rgs;gif;jpg;jpeg;jpe;resx;tiff;tif;png;wav;mfcribbon-ms</Extensions>
    </Filter>
    <Filter Include="Source Files\Parser">
      <UniqueIdentifier>{537b6fe9-c63a-43c2-9ca6-04e53aadab61}</UniqueIdentifier>
    </Filter>
    <Filter Include="Source Files\Engine">
      <UniqueIdentifier>{5e04aed3-a43e-42ef-8a28-9b28210a610b}</UniqueIdentifier>
    </Filter>
  </ItemGroup>
  <ItemGroup>
    <ClInclude Include="StairJS.h">
      <Filter>Header Files</Filter>
    </ClInclude>
    <ClInclude Include="StAST.h">
      <Filter>Header Files</Filter>
    </ClInclude>
    <ClInclude Include="StCal.h">
      <Filter>Header Files</Filter>
    </ClInclude>
    <ClInclude Include="StDict.h">
      <Filter>Header Files</Filter>
    </ClInclude>
    <ClInclude Include="StEngine.h">
      <Filter>Header Files</Filter>
    </ClInclude>
    <ClInclude Include="StObject.h">
      <Filter>Header Files</Filter>
    </ClInclude>
    <ClInclude Include="StParser.h">
      <Filter>Header Files</Filter>
    </ClInclude>
  </ItemGroup>
  <ItemGroup>
    <ClCompile Include="StCal.c">
      <Filter>Source Files\Engine</Filter>
    </ClCompile>
    <ClCompile Include="StDict.c">
      <Filter>Source Files\Engine</Filter>
    </ClCompile>
    <ClCompile Include="StEngine.c">
      <Filter>Source Files\Engine</Filter>
    </ClCompile>
    <ClCompile Include="StObject.c">
      <Filter>Source Files\Engine</Filter>
    </ClCompile>
    <ClCompile Include="StAST.c">
      <Filter>Source Files\Parser</Filter>
    </ClCompile>
    <ClCompile Include="StParser.c">
      <Filter>Source Files\Parser</Filter>
    </ClCompile>
    <ClCompile Include="StairJS.c">
      <Filter>Source Files</Filter>
    </ClCompile>
  </ItemGroup>
</Project>